
Microsoft Visual Studio Solution File, Format Version 12.00
Project("{FAE04EC0-301F-11D3-BF4B-00C04F79EFBC}") = "Practice2", "Practice2\Practice2.csproj", "{CD7F0D39-D581-47B6-B7BB-58E893AECEE0}"
EndProject
Global
	GlobalSection(SolutionConfigurationPlatforms) = preSolution
		Debug|Any CPU = Debug|Any CPU
		Release|Any CPU = Release|Any CPU
	EndGlobalSection
	GlobalSection(ProjectConfigurationPlatforms) = postSolution
		{CD7F0D39-D581-47B6-B7BB-58E893AECEE0}.Debug|Any CPU.ActiveCfg = Debug|Any CPU
		{CD7F0D39-D581-47B6-B7BB-58E893AECEE0}.Debug|Any CPU.Build.0 = Debug|Any CPU
		{CD7F0D39-D581-47B6-B7BB-58E893AECEE0}.Release|Any CPU.ActiveCfg = Release|Any CPU
		{CD7F0D39-D581-47B6-B7BB-58E893AECEE0}.Release|Any CPU.Build.0 = Release|Any CPU
	EndGlobalSection
EndGlobal
